
Microsoft Visual Studio Solution File, Format Version 12.00
# Visual Studio Version 17
VisualStudioVersion = 17.0.31903.59
MinimumVisualStudioVersion = 10.0.40219.1
Project("{2150E333-8FDC-42A3-9474-1A3956D46DE8}") = "src", "src", "{827E0CD3-B72D-47B6-A68D-7590B98EB39B}"
EndProject
Project("{FAE04EC0-301F-11D3-BF4B-00C04F79EFBC}") = "SqlDrop.Core", "src\SqlDrop.Core\SqlDrop.Core.csproj", "{DDEF0EA0-07D3-4AF3-8B54-5CA0C7743267}"
EndProject
Project("{2150E333-8FDC-42A3-9474-1A3956D46DE8}") = "tests", "tests", "{0AB3BF05-4346-4AA6-1389-037BE0695223}"
EndProject
Project("{FAE04EC0-301F-11D3-BF4B-00C04F79EFBC}") = "SqlDrop.Tests", "tests\SqlDrop.Tests\SqlDrop.Tests.csproj", "{E709C939-76E0-4FF5-884B-44F2247F7A69}"
EndProject
Project("{FAE04EC0-301F-11D3-BF4B-00C04F79EFBC}") = "SqlDrop", "src\SqlDrop\SqlDrop.csproj", "{C03BB0B5-916C-4733-94D7-91418B755342}"
EndProject
Global
	GlobalSection(SolutionConfigurationPlatforms) = preSolution
		Debug|Any CPU = Debug|Any CPU
		Debug|x64 = Debug|x64
		Debug|x86 = Debug|x86
		Release|Any CPU = Release|Any CPU
		Release|x64 = Release|x64
		Release|x86 = Release|x86
	EndGlobalSection
	GlobalSection(ProjectConfigurationPlatforms) = postSolution
		{DDEF0EA0-07D3-4AF3-8B54-5CA0C7743267}.Debug|Any CPU.ActiveCfg = Debug|Any CPU
		{DDEF0EA0-07D3-4AF3-8B54-5CA0C7743267}.Debug|Any CPU.Build.0 = Debug|Any CPU
		{DDEF0EA0-07D3-4AF3-8B54-5CA0C7743267}.Debug|x64.ActiveCfg = Debug|Any CPU
		{DDEF0EA0-07D3-4AF3-8B54-5CA0C7743267}.Debug|x64.Build.0 = Debug|Any CPU
		{DDEF0EA0-07D3-4AF3-8B54-5CA0C7743267}.Debug|x86.ActiveCfg = Debug|Any CPU
		{DDEF0EA0-07D3-4AF3-8B54-5CA0C7743267}.Debug|x86.Build.0 = Debug|Any CPU
		{DDEF0EA0-07D3-4AF3-8B54-5CA0C7743267}.Release|Any CPU.ActiveCfg = Release|Any CPU
		{DDEF0EA0-07D3-4AF3-8B54-5CA0C7743267}.Release|Any CPU.Build.0 = Release|Any CPU
		{DDEF0EA0-07D3-4AF3-8B54-5CA0C7743267}.Release|x64.ActiveCfg = Release|Any CPU
		{DDEF0EA0-07D3-4AF3-8B54-5CA0C7743267}.Release|x64.Build.0 = Release|Any CPU
		{DDEF0EA0-07D3-4AF3-8B54-5CA0C7743267}.Release|x86.ActiveCfg = Release|Any CPU
		{DDEF0EA0-07D3-4AF3-8B54-5CA0C7743267}.Release|x86.Build.0 = Release|Any CPU
		{E709C939-76E0-4FF5-884B-44F2247F7A69}.Debug|Any CPU.ActiveCfg = Debug|Any CPU
		{E709C939-76E0-4FF5-884B-44F2247F7A69}.Debug|Any CPU.Build.0 = Debug|Any CPU
		{E709C939-76E0-4FF5-884B-44F2247F7A69}.Debug|x64.ActiveCfg = Debug|Any CPU
		{E709C939-76E0-4FF5-884B-44F2247F7A69}.Debug|x64.Build.0 = Debug|Any CPU
		{E709C939-76E0-4FF5-884B-44F2247F7A69}.Debug|x86.ActiveCfg = Debug|Any CPU
		{E709C939-76E0-4FF5-884B-44F2247F7A69}.Debug|x86.Build.0 = Debug|Any CPU
		{E709C939-76E0-4FF5-884B-44F2247F7A69}.Release|Any CPU.ActiveCfg = Release|Any CPU
		{E709C939-76E0-4FF5-884B-44F2247F7A69}.Release|Any CPU.Build.0 = Release|Any CPU
		{E709C939-76E0-4FF5-884B-44F2247F7A69}.Release|x64.ActiveCfg = Release|Any CPU
		{E709C939-76E0-4FF5-884B-44F2247F7A69}.Release|x64.Build.0 = Release|Any CPU
		{E709C939-76E0-4FF5-884B-44F2247F7A69}.Release|x86.ActiveCfg = Release|Any CPU
		{E709C939-76E0-4FF5-884B-44F2247F7A69}.Release|x86.Build.0 = Release|Any CPU
		{C03BB0B5-916C-4733-94D7-91418B755342}.Debug|Any CPU.ActiveCfg = Debug|Any CPU
		{C03BB0B5-916C-4733-94D7-91418B755342}.Debug|Any CPU.Build.0 = Debug|Any CPU
		{C03BB0B5-916C-4733-94D7-91418B755342}.Debug|x64.ActiveCfg = Debug|Any CPU
		{C03BB0B5-916C-4733-94D7-91418B755342}.Debug|x64.Build.0 = Debug|Any CPU
		{C03BB0B5-916C-4733-94D7-91418B755342}.Debug|x86.ActiveCfg = Debug|Any CPU
		{C03BB0B5-916C-4733-94D7-91418B755342}.Debug|x86.Build.0 = Debug|Any CPU
		{C03BB0B5-916C-4733-94D7-91418B755342}.Release|Any CPU.ActiveCfg = Release|Any CPU
		{C03BB0B5-916C-4733-94D7-91418B755342}.Release|Any CPU.Build.0 = Release|Any CPU
		{C03BB0B5-916C-4733-94D7-91418B755342}.Release|x64.ActiveCfg = Release|Any CPU
		{C03BB0B5-916C-4733-94D7-91418B755342}.Release|x64.Build.0 = Release|Any CPU
		{C03BB0B5-916C-4733-94D7-91418B755342}.Release|x86.ActiveCfg = Release|Any CPU
		{C03BB0B5-916C-4733-94D7-91418B755342}.Release|x86.Build.0 = Release|Any CPU
	EndGlobalSection
	GlobalSection(SolutionProperties) = preSolution
		HideSolutionNode = FALSE
	EndGlobalSection
	GlobalSection(NestedProjects) = preSolution
		{DDEF0EA0-07D3-4AF3-8B54-5CA0C7743267} = {827E0CD3-B72D-47B6-A68D-7590B98EB39B}
		{E709C939-76E0-4FF5-884B-44F2247F7A69} = {0AB3BF05-4346-4AA6-1389-037BE0695223}
		{C03BB0B5-916C-4733-94D7-91418B755342} = {827E0CD3-B72D-47B6-A68D-7590B98EB39B}
	EndGlobalSection
EndGlobal
